
Microsoft Visual Studio Solution File, Format Version 12.00
# Visual Studio Version 17
VisualStudioVersion = 17.8.34316.72
MinimumVisualStudioVersion = 10.0.40219.1
Project("{FAE04EC0-301F-11D3-BF4B-00C04F79EFBC}") = "2020 summer school last exam question", "2020 summer school last exam question\2020 summer school last exam question.csproj", "{39F08E9C-4B8B-4E77-8A69-51751BAEB3AB}"
EndProject
Global
	GlobalSection(SolutionConfigurationPlatforms) = preSolution
		Debug|Any CPU = Debug|Any CPU
		Release|Any CPU = Release|Any CPU
	EndGlobalSection
	GlobalSection(ProjectConfigurationPlatforms) = postSolution
		{39F08E9C-4B8B-4E77-8A69-51751BAEB3AB}.Debug|Any CPU.ActiveCfg = Debug|Any CPU
		{39F08E9C-4B8B-4E77-8A69-51751BAEB3AB}.Debug|Any CPU.Build.0 = Debug|Any CPU
		{39F08E9C-4B8B-4E77-8A69-51751BAEB3AB}.Release|Any CPU.ActiveCfg = Release|Any CPU
		{39F08E9C-4B8B-4E77-8A69-51751BAEB3AB}.Release|Any CPU.Build.0 = Release|Any CPU
	EndGlobalSection
	GlobalSection(SolutionProperties) = preSolution
		HideSolutionNode = FALSE
	EndGlobalSection
	GlobalSection(ExtensibilityGlobals) = postSolution
		SolutionGuid = {BBDD9389-93AD-43FC-B913-DC9570D603B8}
	EndGlobalSection
EndGlobal
